// !$*UTF8*$!
{
	archiveVersion = 1;
	classes = {
	};
	objectVersion = 54;
	objects = {

/* Begin PBXBuildFile section */
		00E356F31AD99517003FC87E /* MotoSurgeryTests.m in Sources */ = {isa = PBXBuildFile; fileRef = 00E356F21AD99517003FC87E /* MotoSurgeryTests.m */; };
		0C80B921A6F3F58F76C31292 /* libPods-MotoSurgery.a in Frameworks */ = {isa = PBXBuildFile; fileRef = 5DCACB8F33CDC322A6C60F78 /* libPods-MotoSurgery.a */; };
		13B07FBC1A68108700A75B9A /* AppDelegate.mm in Sources */ = {isa = PBXBuildFile; fileRef = 13B07FB01A68108700A75B9A /* AppDelegate.mm */; };
		13B07FBF1A68108700A75B9A /* Images.xcassets in Resources */ = {isa = PBXBuildFile; fileRef = 13B07FB51A68108700A75B9A /* Images.xcassets */; };
		13B07FC11A68108700A75B9A /* main.m in Sources */ = {isa = PBXBuildFile; fileRef = 13B07FB71A68108700A75B9A /* main.m */; };
		7699B88040F8A987B510C191 /* libPods-MotoSurgery-MotoSurgeryTests.a in Frameworks */ = {isa = PBXBuildFile; fileRef = 19F6CBCC0A4E27FBF8BF4A61 /* libPods-MotoSurgery-MotoSurgeryTests.a */; };
		81AB9BB82411601600AC10FF /* LaunchScreen.storyboard in Resources */ = {isa = PBXBuildFile; fileRef = 81AB9BB72411601600AC10FF /* LaunchScreen.storyboard */; };
		6948547887B8451C9A3D4E77 /* Telenor-Regular.otf in Resources */ = {isa = PBXBuildFile; fileRef = 7C587BBE20ED4A15A9D48456 /* Telenor-Regular.otf */; };
		6E288E3312FA46B582138F31 /* Telenor-Bold.otf in Resources */ = {isa = PBXBuildFile; fileRef = 34164863A5604D28802CC919 /* Telenor-Bold.otf */; };
		18293EC4D021468184A23020 /* OpenSans-Bold.ttf in Resources */ = {isa = PBXBuildFile; fileRef = E94773C9098D42AAA148D4A9 /* OpenSans-Bold.ttf */; };
		62AD64BEE9A7443583E0B913 /* OpenSans-BoldItalic.ttf in Resources */ = {isa = PBXBuildFile; fileRef = 4740E773AFAA440181CA7DDF /* OpenSans-BoldItalic.ttf */; };
		CBBBBBD7319D416B8E3520FF /* OpenSans-ExtraBold.ttf in Resources */ = {isa = PBXBuildFile; fileRef = 2191F96E1C204712BC0D2A73 /* OpenSans-ExtraBold.ttf */; };
		BDB16B39BF394FD39F1609DC /* OpenSans-ExtraBoldItalic.ttf in Resources */ = {isa = PBXBuildFile; fileRef = 1FFFF56F31564F3599676B86 /* OpenSans-ExtraBoldItalic.ttf */; };
		3015271B85E0407DAEEB2D3E /* OpenSans-Italic.ttf in Resources */ = {isa = PBXBuildFile; fileRef = C77B5C6B42DF41EDA3D596D8 /* OpenSans-Italic.ttf */; };
		AEBF099E6A314C6694756370 /* OpenSans-Light.ttf in Resources */ = {isa = PBXBuildFile; fileRef = ED46152BDE8A47999C7F5031 /* OpenSans-Light.ttf */; };
		79303872ECFE419F840A9EE0 /* OpenSans-LightItalic.ttf in Resources */ = {isa = PBXBuildFile; fileRef = CCCBDB9FF9984C798AB5BE3C /* OpenSans-LightItalic.ttf */; };
		2BDDB3ADC4BF4ECCA69347A9 /* OpenSans-Medium.ttf in Resources */ = {isa = PBXBuildFile; fileRef = 8DAC5C4663634E5C910B576B /* OpenSans-Medium.ttf */; };
		94A9FAD1AF5F41E984A9580F /* OpenSans-MediumItalic.ttf in Resources */ = {isa = PBXBuildFile; fileRef = AB398DC3A41844BA80D1F0B1 /* OpenSans-MediumItalic.ttf */; };
		633E124A9B2E44228B6FF998 /* OpenSans-Regular.ttf in Resources */ = {isa = PBXBuildFile; fileRef = 04C3E99F3E4F4ACBB327DB03 /* OpenSans-Regular.ttf */; };
		55ED3860DAE846BC8A9BE32E /* OpenSans-SemiBold.ttf in Resources */ = {isa = PBXBuildFile; fileRef = A5539ECF5ACA469AA857BBB7 /* OpenSans-SemiBold.ttf */; };
		58EC72D4E52149AAB2F11C2B /* OpenSans-SemiBoldItalic.ttf in Resources */ = {isa = PBXBuildFile; fileRef = D33015B9CC2E4FF6BEC7F2FE /* OpenSans-SemiBoldItalic.ttf */; };
		FA682BDA39E84459A8BF3770 /* OpenSans_Condensed-Bold.ttf in Resources */ = {isa = PBXBuildFile; fileRef = 8CBCC6111EBF41F28CD30C14 /* OpenSans_Condensed-Bold.ttf */; };
		1380E39E968D494DB74A864A /* OpenSans_Condensed-BoldItalic.ttf in Resources */ = {isa = PBXBuildFile; fileRef = 0A87BF390F0B401C94BA8B6A /* OpenSans_Condensed-BoldItalic.ttf */; };
		FAD3F1407E614FA58C04708D /* OpenSans_Condensed-ExtraBold.ttf in Resources */ = {isa = PBXBuildFile; fileRef = D68571C1E6BF4982B57629FE /* OpenSans_Condensed-ExtraBold.ttf */; };
		7C222BF2879043A4ABAF6910 /* OpenSans_Condensed-ExtraBoldItalic.ttf in Resources */ = {isa = PBXBuildFile; fileRef = EE7C9311099441A98BA8B4D3 /* OpenSans_Condensed-ExtraBoldItalic.ttf */; };
		C31146CD0D0445A99A7C1157 /* OpenSans_Condensed-Italic.ttf in Resources */ = {isa = PBXBuildFile; fileRef = 8BB6E911FCD049B18D117939 /* OpenSans_Condensed-Italic.ttf */; };
		33AE576631684D33BF8FF1EB /* OpenSans_Condensed-Light.ttf in Resources */ = {isa = PBXBuildFile; fileRef = 7030D77F9EFD47A099B94B30 /* OpenSans_Condensed-Light.ttf */; };
		FEB2246F10DB4CA2A6FF928D /* OpenSans_Condensed-LightItalic.ttf in Resources */ = {isa = PBXBuildFile; fileRef = F8B0360F38FF410D9665D399 /* OpenSans_Condensed-LightItalic.ttf */; };
		F7E7FB34FF0F41D6BF879688 /* OpenSans_Condensed-Medium.ttf in Resources */ = {isa = PBXBuildFile; fileRef = 48888405240F4CD6B194CCD1 /* OpenSans_Condensed-Medium.ttf */; };
		590336904FFE4164868A60CE /* OpenSans_Condensed-MediumItalic.ttf in Resources */ = {isa = PBXBuildFile; fileRef = A6561BBABC8D4E9CAC6F007D /* OpenSans_Condensed-MediumItalic.ttf */; };
		A264141B06C54CB4BA70F2B8 /* OpenSans_Condensed-Regular.ttf in Resources */ = {isa = PBXBuildFile; fileRef = A983F3E6B550452CAE78AEC3 /* OpenSans_Condensed-Regular.ttf */; };
		1B515EA211E647E089050F22 /* OpenSans_Condensed-SemiBold.ttf in Resources */ = {isa = PBXBuildFile; fileRef = 1E7163080D554D74B5DA9C8C /* OpenSans_Condensed-SemiBold.ttf */; };
		D7DC83625B974354AA35F6FC /* OpenSans_Condensed-SemiBoldItalic.ttf in Resources */ = {isa = PBXBuildFile; fileRef = DE14F06E4EEB4A54B642812F /* OpenSans_Condensed-SemiBoldItalic.ttf */; };
		710400EE2F3D456D8D3D1FDD /* OpenSans_SemiCondensed-Bold.ttf in Resources */ = {isa = PBXBuildFile; fileRef = DA616200CAB84944A3EEC918 /* OpenSans_SemiCondensed-Bold.ttf */; };
		A093C91BF1FD4AF5AFC44F64 /* OpenSans_SemiCondensed-BoldItalic.ttf in Resources */ = {isa = PBXBuildFile; fileRef = 0BC6ED496F9347A28EAD4650 /* OpenSans_SemiCondensed-BoldItalic.ttf */; };
		A44183473C264D8891D5B3A4 /* OpenSans_SemiCondensed-ExtraBold.ttf in Resources */ = {isa = PBXBuildFile; fileRef = CC2581B04AAB49A7A81B1C37 /* OpenSans_SemiCondensed-ExtraBold.ttf */; };
		3E547A26BDC74AF99149F4CE /* OpenSans_SemiCondensed-ExtraBoldItalic.ttf in Resources */ = {isa = PBXBuildFile; fileRef = 8420C95943F54047B573E32B /* OpenSans_SemiCondensed-ExtraBoldItalic.ttf */; };
		A4570B58BAC349B18A380E47 /* OpenSans_SemiCondensed-Italic.ttf in Resources */ = {isa = PBXBuildFile; fileRef = 405979E640B946AFBFBB5A72 /* OpenSans_SemiCondensed-Italic.ttf */; };
		59F05C5AD09646F5A170B97F /* OpenSans_SemiCondensed-Light.ttf in Resources */ = {isa = PBXBuildFile; fileRef = 1F86D4C7E219476DBBFBDE0A /* OpenSans_SemiCondensed-Light.ttf */; };
		D60FA88EC0554AF8B25440FB /* OpenSans_SemiCondensed-LightItalic.ttf in Resources */ = {isa = PBXBuildFile; fileRef = 776FEBE37B384E26B7AE1C64 /* OpenSans_SemiCondensed-LightItalic.ttf */; };
		4DF8E21D4A324A8787F4B512 /* OpenSans_SemiCondensed-Medium.ttf in Resources */ = {isa = PBXBuildFile; fileRef = FD50D8365CF74932A3676D8C /* OpenSans_SemiCondensed-Medium.ttf */; };
		FB07758150D4406889EB5EB3 /* OpenSans_SemiCondensed-MediumItalic.ttf in Resources */ = {isa = PBXBuildFile; fileRef = 1071F299F52C4B408A368F4C /* OpenSans_SemiCondensed-MediumItalic.ttf */; };
		7EE3A7E5F2C942C9AA6C65CA /* OpenSans_SemiCondensed-Regular.ttf in Resources */ = {isa = PBXBuildFile; fileRef = 391C3E11D200430F8747B089 /* OpenSans_SemiCondensed-Regular.ttf */; };
		25B66FE443A645A3B832754E /* OpenSans_SemiCondensed-SemiBold.ttf in Resources */ = {isa = PBXBuildFile; fileRef = 4348AC0EFD914410A7166978 /* OpenSans_SemiCondensed-SemiBold.ttf */; };
		46AC471EA3B0493891E4C119 /* OpenSans_SemiCondensed-SemiBoldItalic.ttf in Resources */ = {isa = PBXBuildFile; fileRef = 84EB910191A94B1CB9D5F108 /* OpenSans_SemiCondensed-SemiBoldItalic.ttf */; };
		CF1C2F76974F4975A17F9B41 /* VictorMono-Bold.ttf in Resources */ = {isa = PBXBuildFile; fileRef = 0AEEE5D296D9486E96B855CC /* VictorMono-Bold.ttf */; };
		C33E33E2B3AA4DC4B87BC399 /* VictorMono-BoldItalic.ttf in Resources */ = {isa = PBXBuildFile; fileRef = 8A971BE3B9694918B200415E /* VictorMono-BoldItalic.ttf */; };
		C1C986AD4FAA450FA04CD1C2 /* VictorMono-BoldOblique.ttf in Resources */ = {isa = PBXBuildFile; fileRef = 41B309F236AF4409BF89D53F /* VictorMono-BoldOblique.ttf */; };
		F8E8AC16FA924E859BFC073C /* VictorMono-ExtraLight.ttf in Resources */ = {isa = PBXBuildFile; fileRef = 6F8C3A403E8E4B18B7790192 /* VictorMono-ExtraLight.ttf */; };
		D49EC9B01EF74B23B63F58DE /* VictorMono-ExtraLightItalic.ttf in Resources */ = {isa = PBXBuildFile; fileRef = 90842CEA06C845E586243690 /* VictorMono-ExtraLightItalic.ttf */; };
		BFAD9E06C8F74DAD9A60457B /* VictorMono-ExtraLightOblique.ttf in Resources */ = {isa = PBXBuildFile; fileRef = D85CE0A55CE346A68F7E2D2F /* VictorMono-ExtraLightOblique.ttf */; };
		7936EDAB5AE547C9A44AFDED /* VictorMono-Italic.ttf in Resources */ = {isa = PBXBuildFile; fileRef = 2B2B77AD1FA94D228C47636C /* VictorMono-Italic.ttf */; };
		376C3962C49B4EB798B6A4BA /* VictorMono-Light.ttf in Resources */ = {isa = PBXBuildFile; fileRef = DBA39D085B0D4F2D856C8372 /* VictorMono-Light.ttf */; };
		CF8C157EDE6B4B4A8C74C5B7 /* VictorMono-LightItalic.ttf in Resources */ = {isa = PBXBuildFile; fileRef = CABBB539EA744481812836A2 /* VictorMono-LightItalic.ttf */; };
		61A377A53B954ACBB1B749A5 /* VictorMono-LightOblique.ttf in Resources */ = {isa = PBXBuildFile; fileRef = 226C039F66374F70BE4B5065 /* VictorMono-LightOblique.ttf */; };
		E42B8CDED45F45929FEEB419 /* VictorMono-Medium.ttf in Resources */ = {isa = PBXBuildFile; fileRef = 09C7BB7C528C4B0299978EAA /* VictorMono-Medium.ttf */; };
		9122EDF94DAF46A6AD06CC1E /* VictorMono-MediumItalic.ttf in Resources */ = {isa = PBXBuildFile; fileRef = 331CAD32B8704E6E8CC7B0BD /* VictorMono-MediumItalic.ttf */; };
		F6BE4D68BF1C4D93BD42AFA9 /* VictorMono-MediumOblique.ttf in Resources */ = {isa = PBXBuildFile; fileRef = 35C417D63FBA43E9B6EF1017 /* VictorMono-MediumOblique.ttf */; };
		D8D38106FEA24C2FB7A90390 /* VictorMono-Oblique.ttf in Resources */ = {isa = PBXBuildFile; fileRef = DE6A6F83CB3742FFB25F54FF /* VictorMono-Oblique.ttf */; };
		2B9491C77645489AB01A2246 /* VictorMono-Regular.ttf in Resources */ = {isa = PBXBuildFile; fileRef = B3E0452669BF48D6B56661C7 /* VictorMono-Regular.ttf */; };
		AB9EB35814F549F3A2547DD8 /* VictorMono-SemiBold.ttf in Resources */ = {isa = PBXBuildFile; fileRef = 399729C136F94069875F3DB3 /* VictorMono-SemiBold.ttf */; };
		BED93CE37D8A4E32858789C3 /* VictorMono-SemiBoldItalic.ttf in Resources */ = {isa = PBXBuildFile; fileRef = 6D3AE8FD22DA4B1C8E153178 /* VictorMono-SemiBoldItalic.ttf */; };
		EA523F1C40674CF8B8D96A65 /* VictorMono-SemiBoldOblique.ttf in Resources */ = {isa = PBXBuildFile; fileRef = C359C47845FF4AC388B09450 /* VictorMono-SemiBoldOblique.ttf */; };
		84CC483E944A4AA8A9E2A41D /* VictorMono-Thin.ttf in Resources */ = {isa = PBXBuildFile; fileRef = 1DAA128E822843EDA95F1F3F /* VictorMono-Thin.ttf */; };
		E91AC5935A14414C9AFDF66F /* VictorMono-ThinItalic.ttf in Resources */ = {isa = PBXBuildFile; fileRef = 44DF72CC5AD840A0A91AD377 /* VictorMono-ThinItalic.ttf */; };
		E8AAD0473574444BA2607BF9 /* VictorMono-ThinOblique.ttf in Resources */ = {isa = PBXBuildFile; fileRef = 0D285D1836874E5A82608EBB /* VictorMono-ThinOblique.ttf */; };
/* End PBXBuildFile section */

/* Begin PBXContainerItemProxy section */
		00E356F41AD99517003FC87E /* PBXContainerItemProxy */ = {
			isa = PBXContainerItemProxy;
			containerPortal = 83CBB9F71A601CBA00E9B192 /* Project object */;
			proxyType = 1;
			remoteGlobalIDString = 13B07F861A680F5B00A75B9A;
			remoteInfo = MotoSurgery;
		};
/* End PBXContainerItemProxy section */

/* Begin PBXFileReference section */
		00E356EE1AD99517003FC87E /* MotoSurgeryTests.xctest */ = {isa = PBXFileReference; explicitFileType = wrapper.cfbundle; includeInIndex = 0; path = MotoSurgeryTests.xctest; sourceTree = BUILT_PRODUCTS_DIR; };
		00E356F11AD99517003FC87E /* Info.plist */ = {isa = PBXFileReference; lastKnownFileType = text.plist.xml; path = Info.plist; sourceTree = "<group>"; };
		00E356F21AD99517003FC87E /* MotoSurgeryTests.m */ = {isa = PBXFileReference; lastKnownFileType = sourcecode.c.objc; path = MotoSurgeryTests.m; sourceTree = "<group>"; };
		13B07F961A680F5B00A75B9A /* MotoSurgery.app */ = {isa = PBXFileReference; explicitFileType = wrapper.application; includeInIndex = 0; path = MotoSurgery.app; sourceTree = BUILT_PRODUCTS_DIR; };
		13B07FAF1A68108700A75B9A /* AppDelegate.h */ = {isa = PBXFileReference; fileEncoding = 4; lastKnownFileType = sourcecode.c.h; name = AppDelegate.h; path = MotoSurgery/AppDelegate.h; sourceTree = "<group>"; };
		13B07FB01A68108700A75B9A /* AppDelegate.mm */ = {isa = PBXFileReference; fileEncoding = 4; lastKnownFileType = sourcecode.cpp.objcpp; name = AppDelegate.mm; path = MotoSurgery/AppDelegate.mm; sourceTree = "<group>"; };
		13B07FB51A68108700A75B9A /* Images.xcassets */ = {isa = PBXFileReference; lastKnownFileType = folder.assetcatalog; name = Images.xcassets; path = MotoSurgery/Images.xcassets; sourceTree = "<group>"; };
		13B07FB61A68108700A75B9A /* Info.plist */ = {isa = PBXFileReference; fileEncoding = 4; lastKnownFileType = text.plist.xml; name = Info.plist; path = MotoSurgery/Info.plist; sourceTree = "<group>"; };
		13B07FB71A68108700A75B9A /* main.m */ = {isa = PBXFileReference; fileEncoding = 4; lastKnownFileType = sourcecode.c.objc; name = main.m; path = MotoSurgery/main.m; sourceTree = "<group>"; };
		19F6CBCC0A4E27FBF8BF4A61 /* libPods-MotoSurgery-MotoSurgeryTests.a */ = {isa = PBXFileReference; explicitFileType = archive.ar; includeInIndex = 0; path = "libPods-MotoSurgery-MotoSurgeryTests.a"; sourceTree = BUILT_PRODUCTS_DIR; };
		3B4392A12AC88292D35C810B /* Pods-MotoSurgery.debug.xcconfig */ = {isa = PBXFileReference; includeInIndex = 1; lastKnownFileType = text.xcconfig; name = "Pods-MotoSurgery.debug.xcconfig"; path = "Target Support Files/Pods-MotoSurgery/Pods-MotoSurgery.debug.xcconfig"; sourceTree = "<group>"; };
		5709B34CF0A7D63546082F79 /* Pods-MotoSurgery.release.xcconfig */ = {isa = PBXFileReference; includeInIndex = 1; lastKnownFileType = text.xcconfig; name = "Pods-MotoSurgery.release.xcconfig"; path = "Target Support Files/Pods-MotoSurgery/Pods-MotoSurgery.release.xcconfig"; sourceTree = "<group>"; };
		5B7EB9410499542E8C5724F5 /* Pods-MotoSurgery-MotoSurgeryTests.debug.xcconfig */ = {isa = PBXFileReference; includeInIndex = 1; lastKnownFileType = text.xcconfig; name = "Pods-MotoSurgery-MotoSurgeryTests.debug.xcconfig"; path = "Target Support Files/Pods-MotoSurgery-MotoSurgeryTests/Pods-MotoSurgery-MotoSurgeryTests.debug.xcconfig"; sourceTree = "<group>"; };
		5DCACB8F33CDC322A6C60F78 /* libPods-MotoSurgery.a */ = {isa = PBXFileReference; explicitFileType = archive.ar; includeInIndex = 0; path = "libPods-MotoSurgery.a"; sourceTree = BUILT_PRODUCTS_DIR; };
		81AB9BB72411601600AC10FF /* LaunchScreen.storyboard */ = {isa = PBXFileReference; fileEncoding = 4; lastKnownFileType = file.storyboard; name = LaunchScreen.storyboard; path = MotoSurgery/LaunchScreen.storyboard; sourceTree = "<group>"; };
		89C6BE57DB24E9ADA2F236DE /* Pods-MotoSurgery-MotoSurgeryTests.release.xcconfig */ = {isa = PBXFileReference; includeInIndex = 1; lastKnownFileType = text.xcconfig; name = "Pods-MotoSurgery-MotoSurgeryTests.release.xcconfig"; path = "Target Support Files/Pods-MotoSurgery-MotoSurgeryTests/Pods-MotoSurgery-MotoSurgeryTests.release.xcconfig"; sourceTree = "<group>"; };
		ED297162215061F000B7C4FE /* JavaScriptCore.framework */ = {isa = PBXFileReference; lastKnownFileType = wrapper.framework; name = JavaScriptCore.framework; path = System/Library/Frameworks/JavaScriptCore.framework; sourceTree = SDKROOT; };
		7C587BBE20ED4A15A9D48456 /* Telenor-Regular.otf */ = {isa = PBXFileReference; name = "Telenor-Regular.otf"; path = "../src/assets/fonts/Telenor-Regular.otf"; sourceTree = "<group>"; fileEncoding = undefined; lastKnownFileType = unknown; explicitFileType = undefined; includeInIndex = 0; };
		34164863A5604D28802CC919 /* Telenor-Bold.otf */ = {isa = PBXFileReference; name = "Telenor-Bold.otf"; path = "../src/assets/fonts/Telenor-Bold.otf"; sourceTree = "<group>"; fileEncoding = undefined; lastKnownFileType = unknown; explicitFileType = undefined; includeInIndex = 0; };
		E94773C9098D42AAA148D4A9 /* OpenSans-Bold.ttf */ = {isa = PBXFileReference; name = "OpenSans-Bold.ttf"; path = "../src/assets/fonts/openSans/OpenSans-Bold.ttf"; sourceTree = "<group>"; fileEncoding = undefined; lastKnownFileType = unknown; explicitFileType = undefined; includeInIndex = 0; };
		4740E773AFAA440181CA7DDF /* OpenSans-BoldItalic.ttf */ = {isa = PBXFileReference; name = "OpenSans-BoldItalic.ttf"; path = "../src/assets/fonts/openSans/OpenSans-BoldItalic.ttf"; sourceTree = "<group>"; fileEncoding = undefined; lastKnownFileType = unknown; explicitFileType = undefined; includeInIndex = 0; };
		2191F96E1C204712BC0D2A73 /* OpenSans-ExtraBold.ttf */ = {isa = PBXFileReference; name = "OpenSans-ExtraBold.ttf"; path = "../src/assets/fonts/openSans/OpenSans-ExtraBold.ttf"; sourceTree = "<group>"; fileEncoding = undefined; lastKnownFileType = unknown; explicitFileType = undefined; includeInIndex = 0; };
		1FFFF56F31564F3599676B86 /* OpenSans-ExtraBoldItalic.ttf */ = {isa = PBXFileReference; name = "OpenSans-ExtraBoldItalic.ttf"; path = "../src/assets/fonts/openSans/OpenSans-ExtraBoldItalic.ttf"; sourceTree = "<group>"; fileEncoding = undefined; lastKnownFileType = unknown; explicitFileType = undefined; includeInIndex = 0; };
		C77B5C6B42DF41EDA3D596D8 /* OpenSans-Italic.ttf */ = {isa = PBXFileReference; name = "OpenSans-Italic.ttf"; path = "../src/assets/fonts/openSans/OpenSans-Italic.ttf"; sourceTree = "<group>"; fileEncoding = undefined; lastKnownFileType = unknown; explicitFileType = undefined; includeInIndex = 0; };
		ED46152BDE8A47999C7F5031 /* OpenSans-Light.ttf */ = {isa = PBXFileReference; name = "OpenSans-Light.ttf"; path = "../src/assets/fonts/openSans/OpenSans-Light.ttf"; sourceTree = "<group>"; fileEncoding = undefined; lastKnownFileType = unknown; explicitFileType = undefined; includeInIndex = 0; };
		CCCBDB9FF9984C798AB5BE3C /* OpenSans-LightItalic.ttf */ = {isa = PBXFileReference; name = "OpenSans-LightItalic.ttf"; path = "../src/assets/fonts/openSans/OpenSans-LightItalic.ttf"; sourceTree = "<group>"; fileEncoding = undefined; lastKnownFileType = unknown; explicitFileType = undefined; includeInIndex = 0; };
		8DAC5C4663634E5C910B576B /* OpenSans-Medium.ttf */ = {isa = PBXFileReference; name = "OpenSans-Medium.ttf"; path = "../src/assets/fonts/openSans/OpenSans-Medium.ttf"; sourceTree = "<group>"; fileEncoding = undefined; lastKnownFileType = unknown; explicitFileType = undefined; includeInIndex = 0; };
		AB398DC3A41844BA80D1F0B1 /* OpenSans-MediumItalic.ttf */ = {isa = PBXFileReference; name = "OpenSans-MediumItalic.ttf"; path = "../src/assets/fonts/openSans/OpenSans-MediumItalic.ttf"; sourceTree = "<group>"; fileEncoding = undefined; lastKnownFileType = unknown; explicitFileType = undefined; includeInIndex = 0; };
		04C3E99F3E4F4ACBB327DB03 /* OpenSans-Regular.ttf */ = {isa = PBXFileReference; name = "OpenSans-Regular.ttf"; path = "../src/assets/fonts/openSans/OpenSans-Regular.ttf"; sourceTree = "<group>"; fileEncoding = undefined; lastKnownFileType = unknown; explicitFileType = undefined; includeInIndex = 0; };
		A5539ECF5ACA469AA857BBB7 /* OpenSans-SemiBold.ttf */ = {isa = PBXFileReference; name = "OpenSans-SemiBold.ttf"; path = "../src/assets/fonts/openSans/OpenSans-SemiBold.ttf"; sourceTree = "<group>"; fileEncoding = undefined; lastKnownFileType = unknown; explicitFileType = undefined; includeInIndex = 0; };
		D33015B9CC2E4FF6BEC7F2FE /* OpenSans-SemiBoldItalic.ttf */ = {isa = PBXFileReference; name = "OpenSans-SemiBoldItalic.ttf"; path = "../src/assets/fonts/openSans/OpenSans-SemiBoldItalic.ttf"; sourceTree = "<group>"; fileEncoding = undefined; lastKnownFileType = unknown; explicitFileType = undefined; includeInIndex = 0; };
		8CBCC6111EBF41F28CD30C14 /* OpenSans_Condensed-Bold.ttf */ = {isa = PBXFileReference; name = "OpenSans_Condensed-Bold.ttf"; path = "../src/assets/fonts/openSans/OpenSans_Condensed-Bold.ttf"; sourceTree = "<group>"; fileEncoding = undefined; lastKnownFileType = unknown; explicitFileType = undefined; includeInIndex = 0; };
		0A87BF390F0B401C94BA8B6A /* OpenSans_Condensed-BoldItalic.ttf */ = {isa = PBXFileReference; name = "OpenSans_Condensed-BoldItalic.ttf"; path = "../src/assets/fonts/openSans/OpenSans_Condensed-BoldItalic.ttf"; sourceTree = "<group>"; fileEncoding = undefined; lastKnownFileType = unknown; explicitFileType = undefined; includeInIndex = 0; };
		D68571C1E6BF4982B57629FE /* OpenSans_Condensed-ExtraBold.ttf */ = {isa = PBXFileReference; name = "OpenSans_Condensed-ExtraBold.ttf"; path = "../src/assets/fonts/openSans/OpenSans_Condensed-ExtraBold.ttf"; sourceTree = "<group>"; fileEncoding = undefined; lastKnownFileType = unknown; explicitFileType = undefined; includeInIndex = 0; };
		EE7C9311099441A98BA8B4D3 /* OpenSans_Condensed-ExtraBoldItalic.ttf */ = {isa = PBXFileReference; name = "OpenSans_Condensed-ExtraBoldItalic.ttf"; path = "../src/assets/fonts/openSans/OpenSans_Condensed-ExtraBoldItalic.ttf"; sourceTree = "<group>"; fileEncoding = undefined; lastKnownFileType = unknown; explicitFileType = undefined; includeInIndex = 0; };
		8BB6E911FCD049B18D117939 /* OpenSans_Condensed-Italic.ttf */ = {isa = PBXFileReference; name = "OpenSans_Condensed-Italic.ttf"; path = "../src/assets/fonts/openSans/OpenSans_Condensed-Italic.ttf"; sourceTree = "<group>"; fileEncoding = undefined; lastKnownFileType = unknown; explicitFileType = undefined; includeInIndex = 0; };
		7030D77F9EFD47A099B94B30 /* OpenSans_Condensed-Light.ttf */ = {isa = PBXFileReference; name = "OpenSans_Condensed-Light.ttf"; path = "../src/assets/fonts/openSans/OpenSans_Condensed-Light.ttf"; sourceTree = "<group>"; fileEncoding = undefined; lastKnownFileType = unknown; explicitFileType = undefined; includeInIndex = 0; };
		F8B0360F38FF410D9665D399 /* OpenSans_Condensed-LightItalic.ttf */ = {isa = PBXFileReference; name = "OpenSans_Condensed-LightItalic.ttf"; path = "../src/assets/fonts/openSans/OpenSans_Condensed-LightItalic.ttf"; sourceTree = "<group>"; fileEncoding = undefined; lastKnownFileType = unknown; explicitFileType = undefined; includeInIndex = 0; };
		48888405240F4CD6B194CCD1 /* OpenSans_Condensed-Medium.ttf */ = {isa = PBXFileReference; name = "OpenSans_Condensed-Medium.ttf"; path = "../src/assets/fonts/openSans/OpenSans_Condensed-Medium.ttf"; sourceTree = "<group>"; fileEncoding = undefined; lastKnownFileType = unknown; explicitFileType = undefined; includeInIndex = 0; };
		A6561BBABC8D4E9CAC6F007D /* OpenSans_Condensed-MediumItalic.ttf */ = {isa = PBXFileReference; name = "OpenSans_Condensed-MediumItalic.ttf"; path = "../src/assets/fonts/openSans/OpenSans_Condensed-MediumItalic.ttf"; sourceTree = "<group>"; fileEncoding = undefined; lastKnownFileType = unknown; explicitFileType = undefined; includeInIndex = 0; };
		A983F3E6B550452CAE78AEC3 /* OpenSans_Condensed-Regular.ttf */ = {isa = PBXFileReference; name = "OpenSans_Condensed-Regular.ttf"; path = "../src/assets/fonts/openSans/OpenSans_Condensed-Regular.ttf"; sourceTree = "<group>"; fileEncoding = undefined; lastKnownFileType = unknown; explicitFileType = undefined; includeInIndex = 0; };
		1E7163080D554D74B5DA9C8C /* OpenSans_Condensed-SemiBold.ttf */ = {isa = PBXFileReference; name = "OpenSans_Condensed-SemiBold.ttf"; path = "../src/assets/fonts/openSans/OpenSans_Condensed-SemiBold.ttf"; sourceTree = "<group>"; fileEncoding = undefined; lastKnownFileType = unknown; explicitFileType = undefined; includeInIndex = 0; };
		DE14F06E4EEB4A54B642812F /* OpenSans_Condensed-SemiBoldItalic.ttf */ = {isa = PBXFileReference; name = "OpenSans_Condensed-SemiBoldItalic.ttf"; path = "../src/assets/fonts/openSans/OpenSans_Condensed-SemiBoldItalic.ttf"; sourceTree = "<group>"; fileEncoding = undefined; lastKnownFileType = unknown; explicitFileType = undefined; includeInIndex = 0; };
		DA616200CAB84944A3EEC918 /* OpenSans_SemiCondensed-Bold.ttf */ = {isa = PBXFileReference; name = "OpenSans_SemiCondensed-Bold.ttf"; path = "../src/assets/fonts/openSans/OpenSans_SemiCondensed-Bold.ttf"; sourceTree = "<group>"; fileEncoding = undefined; lastKnownFileType = unknown; explicitFileType = undefined; includeInIndex = 0; };
		0BC6ED496F9347A28EAD4650 /* OpenSans_SemiCondensed-BoldItalic.ttf */ = {isa = PBXFileReference; name = "OpenSans_SemiCondensed-BoldItalic.ttf"; path = "../src/assets/fonts/openSans/OpenSans_SemiCondensed-BoldItalic.ttf"; sourceTree = "<group>"; fileEncoding = undefined; lastKnownFileType = unknown; explicitFileType = undefined; includeInIndex = 0; };
		CC2581B04AAB49A7A81B1C37 /* OpenSans_SemiCondensed-ExtraBold.ttf */ = {isa = PBXFileReference; name = "OpenSans_SemiCondensed-ExtraBold.ttf"; path = "../src/assets/fonts/openSans/OpenSans_SemiCondensed-ExtraBold.ttf"; sourceTree = "<group>"; fileEncoding = undefined; lastKnownFileType = unknown; explicitFileType = undefined; includeInIndex = 0; };
		8420C95943F54047B573E32B /* OpenSans_SemiCondensed-ExtraBoldItalic.ttf */ = {isa = PBXFileReference; name = "OpenSans_SemiCondensed-ExtraBoldItalic.ttf"; path = "../src/assets/fonts/openSans/OpenSans_SemiCondensed-ExtraBoldItalic.ttf"; sourceTree = "<group>"; fileEncoding = undefined; lastKnownFileType = unknown; explicitFileType = undefined; includeInIndex = 0; };
		405979E640B946AFBFBB5A72 /* OpenSans_SemiCondensed-Italic.ttf */ = {isa = PBXFileReference; name = "OpenSans_SemiCondensed-Italic.ttf"; path = "../src/assets/fonts/openSans/OpenSans_SemiCondensed-Italic.ttf"; sourceTree = "<group>"; fileEncoding = undefined; lastKnownFileType = unknown; explicitFileType = undefined; includeInIndex = 0; };
		1F86D4C7E219476DBBFBDE0A /* OpenSans_SemiCondensed-Light.ttf */ = {isa = PBXFileReference; name = "OpenSans_SemiCondensed-Light.ttf"; path = "../src/assets/fonts/openSans/OpenSans_SemiCondensed-Light.ttf"; sourceTree = "<group>"; fileEncoding = undefined; lastKnownFileType = unknown; explicitFileType = undefined; includeInIndex = 0; };
		776FEBE37B384E26B7AE1C64 /* OpenSans_SemiCondensed-LightItalic.ttf */ = {isa = PBXFileReference; name = "OpenSans_SemiCondensed-LightItalic.ttf"; path = "../src/assets/fonts/openSans/OpenSans_SemiCondensed-LightItalic.ttf"; sourceTree = "<group>"; fileEncoding = undefined; lastKnownFileType = unknown; explicitFileType = undefined; includeInIndex = 0; };
		FD50D8365CF74932A3676D8C /* OpenSans_SemiCondensed-Medium.ttf */ = {isa = PBXFileReference; name = "OpenSans_SemiCondensed-Medium.ttf"; path = "../src/assets/fonts/openSans/OpenSans_SemiCondensed-Medium.ttf"; sourceTree = "<group>"; fileEncoding = undefined; lastKnownFileType = unknown; explicitFileType = undefined; includeInIndex = 0; };
		1071F299F52C4B408A368F4C /* OpenSans_SemiCondensed-MediumItalic.ttf */ = {isa = PBXFileReference; name = "OpenSans_SemiCondensed-MediumItalic.ttf"; path = "../src/assets/fonts/openSans/OpenSans_SemiCondensed-MediumItalic.ttf"; sourceTree = "<group>"; fileEncoding = undefined; lastKnownFileType = unknown; explicitFileType = undefined; includeInIndex = 0; };
		391C3E11D200430F8747B089 /* OpenSans_SemiCondensed-Regular.ttf */ = {isa = PBXFileReference; name = "OpenSans_SemiCondensed-Regular.ttf"; path = "../src/assets/fonts/openSans/OpenSans_SemiCondensed-Regular.ttf"; sourceTree = "<group>"; fileEncoding = undefined; lastKnownFileType = unknown; explicitFileType = undefined; includeInIndex = 0; };
		4348AC0EFD914410A7166978 /* OpenSans_SemiCondensed-SemiBold.ttf */ = {isa = PBXFileReference; name = "OpenSans_SemiCondensed-SemiBold.ttf"; path = "../src/assets/fonts/openSans/OpenSans_SemiCondensed-SemiBold.ttf"; sourceTree = "<group>"; fileEncoding = undefined; lastKnownFileType = unknown; explicitFileType = undefined; includeInIndex = 0; };
		84EB910191A94B1CB9D5F108 /* OpenSans_SemiCondensed-SemiBoldItalic.ttf */ = {isa = PBXFileReference; name = "OpenSans_SemiCondensed-SemiBoldItalic.ttf"; path = "../src/assets/fonts/openSans/OpenSans_SemiCondensed-SemiBoldItalic.ttf"; sourceTree = "<group>"; fileEncoding = undefined; lastKnownFileType = unknown; explicitFileType = undefined; includeInIndex = 0; };
		0AEEE5D296D9486E96B855CC /* VictorMono-Bold.ttf */ = {isa = PBXFileReference; name = "VictorMono-Bold.ttf"; path = "../src/assets/fonts/victorMono/VictorMono-Bold.ttf"; sourceTree = "<group>"; fileEncoding = undefined; lastKnownFileType = unknown; explicitFileType = undefined; includeInIndex = 0; };
		8A971BE3B9694918B200415E /* VictorMono-BoldItalic.ttf */ = {isa = PBXFileReference; name = "VictorMono-BoldItalic.ttf"; path = "../src/assets/fonts/victorMono/VictorMono-BoldItalic.ttf"; sourceTree = "<group>"; fileEncoding = undefined; lastKnownFileType = unknown; explicitFileType = undefined; includeInIndex = 0; };
		41B309F236AF4409BF89D53F /* VictorMono-BoldOblique.ttf */ = {isa = PBXFileReference; name = "VictorMono-BoldOblique.ttf"; path = "../src/assets/fonts/victorMono/VictorMono-BoldOblique.ttf"; sourceTree = "<group>"; fileEncoding = undefined; lastKnownFileType = unknown; explicitFileType = undefined; includeInIndex = 0; };
		6F8C3A403E8E4B18B7790192 /* VictorMono-ExtraLight.ttf */ = {isa = PBXFileReference; name = "VictorMono-ExtraLight.ttf"; path = "../src/assets/fonts/victorMono/VictorMono-ExtraLight.ttf"; sourceTree = "<group>"; fileEncoding = undefined; lastKnownFileType = unknown; explicitFileType = undefined; includeInIndex = 0; };
		90842CEA06C845E586243690 /* VictorMono-ExtraLightItalic.ttf */ = {isa = PBXFileReference; name = "VictorMono-ExtraLightItalic.ttf"; path = "../src/assets/fonts/victorMono/VictorMono-ExtraLightItalic.ttf"; sourceTree = "<group>"; fileEncoding = undefined; lastKnownFileType = unknown; explicitFileType = undefined; includeInIndex = 0; };
		D85CE0A55CE346A68F7E2D2F /* VictorMono-ExtraLightOblique.ttf */ = {isa = PBXFileReference; name = "VictorMono-ExtraLightOblique.ttf"; path = "../src/assets/fonts/victorMono/VictorMono-ExtraLightOblique.ttf"; sourceTree = "<group>"; fileEncoding = undefined; lastKnownFileType = unknown; explicitFileType = undefined; includeInIndex = 0; };
		2B2B77AD1FA94D228C47636C /* VictorMono-Italic.ttf */ = {isa = PBXFileReference; name = "VictorMono-Italic.ttf"; path = "../src/assets/fonts/victorMono/VictorMono-Italic.ttf"; sourceTree = "<group>"; fileEncoding = undefined; lastKnownFileType = unknown; explicitFileType = undefined; includeInIndex = 0; };
		DBA39D085B0D4F2D856C8372 /* VictorMono-Light.ttf */ = {isa = PBXFileReference; name = "VictorMono-Light.ttf"; path = "../src/assets/fonts/victorMono/VictorMono-Light.ttf"; sourceTree = "<group>"; fileEncoding = undefined; lastKnownFileType = unknown; explicitFileType = undefined; includeInIndex = 0; };
		CABBB539EA744481812836A2 /* VictorMono-LightItalic.ttf */ = {isa = PBXFileReference; name = "VictorMono-LightItalic.ttf"; path = "../src/assets/fonts/victorMono/VictorMono-LightItalic.ttf"; sourceTree = "<group>"; fileEncoding = undefined; lastKnownFileType = unknown; explicitFileType = undefined; includeInIndex = 0; };
		226C039F66374F70BE4B5065 /* VictorMono-LightOblique.ttf */ = {isa = PBXFileReference; name = "VictorMono-LightOblique.ttf"; path = "../src/assets/fonts/victorMono/VictorMono-LightOblique.ttf"; sourceTree = "<group>"; fileEncoding = undefined; lastKnownFileType = unknown; explicitFileType = undefined; includeInIndex = 0; };
		09C7BB7C528C4B0299978EAA /* VictorMono-Medium.ttf */ = {isa = PBXFileReference; name = "VictorMono-Medium.ttf"; path = "../src/assets/fonts/victorMono/VictorMono-Medium.ttf"; sourceTree = "<group>"; fileEncoding = undefined; lastKnownFileType = unknown; explicitFileType = undefined; includeInIndex = 0; };
		331CAD32B8704E6E8CC7B0BD /* VictorMono-MediumItalic.ttf */ = {isa = PBXFileReference; name = "VictorMono-MediumItalic.ttf"; path = "../src/assets/fonts/victorMono/VictorMono-MediumItalic.ttf"; sourceTree = "<group>"; fileEncoding = undefined; lastKnownFileType = unknown; explicitFileType = undefined; includeInIndex = 0; };
		35C417D63FBA43E9B6EF1017 /* VictorMono-MediumOblique.ttf */ = {isa = PBXFileReference; name = "VictorMono-MediumOblique.ttf"; path = "../src/assets/fonts/victorMono/VictorMono-MediumOblique.ttf"; sourceTree = "<group>"; fileEncoding = undefined; lastKnownFileType = unknown; explicitFileType = undefined; includeInIndex = 0; };
		DE6A6F83CB3742FFB25F54FF /* VictorMono-Oblique.ttf */ = {isa = PBXFileReference; name = "VictorMono-Oblique.ttf"; path = "../src/assets/fonts/victorMono/VictorMono-Oblique.ttf"; sourceTree = "<group>"; fileEncoding = undefined; lastKnownFileType = unknown; explicitFileType = undefined; includeInIndex = 0; };
		B3E0452669BF48D6B56661C7 /* VictorMono-Regular.ttf */ = {isa = PBXFileReference; name = "VictorMono-Regular.ttf"; path = "../src/assets/fonts/victorMono/VictorMono-Regular.ttf"; sourceTree = "<group>"; fileEncoding = undefined; lastKnownFileType = unknown; explicitFileType = undefined; includeInIndex = 0; };
		399729C136F94069875F3DB3 /* VictorMono-SemiBold.ttf */ = {isa = PBXFileReference; name = "VictorMono-SemiBold.ttf"; path = "../src/assets/fonts/victorMono/VictorMono-SemiBold.ttf"; sourceTree = "<group>"; fileEncoding = undefined; lastKnownFileType = unknown; explicitFileType = undefined; includeInIndex = 0; };
		6D3AE8FD22DA4B1C8E153178 /* VictorMono-SemiBoldItalic.ttf */ = {isa = PBXFileReference; name = "VictorMono-SemiBoldItalic.ttf"; path = "../src/assets/fonts/victorMono/VictorMono-SemiBoldItalic.ttf"; sourceTree = "<group>"; fileEncoding = undefined; lastKnownFileType = unknown; explicitFileType = undefined; includeInIndex = 0; };
		C359C47845FF4AC388B09450 /* VictorMono-SemiBoldOblique.ttf */ = {isa = PBXFileReference; name = "VictorMono-SemiBoldOblique.ttf"; path = "../src/assets/fonts/victorMono/VictorMono-SemiBoldOblique.ttf"; sourceTree = "<group>"; fileEncoding = undefined; lastKnownFileType = unknown; explicitFileType = undefined; includeInIndex = 0; };
		1DAA128E822843EDA95F1F3F /* VictorMono-Thin.ttf */ = {isa = PBXFileReference; name = "VictorMono-Thin.ttf"; path = "../src/assets/fonts/victorMono/VictorMono-Thin.ttf"; sourceTree = "<group>"; fileEncoding = undefined; lastKnownFileType = unknown; explicitFileType = undefined; includeInIndex = 0; };
		44DF72CC5AD840A0A91AD377 /* VictorMono-ThinItalic.ttf */ = {isa = PBXFileReference; name = "VictorMono-ThinItalic.ttf"; path = "../src/assets/fonts/victorMono/VictorMono-ThinItalic.ttf"; sourceTree = "<group>"; fileEncoding = undefined; lastKnownFileType = unknown; explicitFileType = undefined; includeInIndex = 0; };
		0D285D1836874E5A82608EBB /* VictorMono-ThinOblique.ttf */ = {isa = PBXFileReference; name = "VictorMono-ThinOblique.ttf"; path = "../src/assets/fonts/victorMono/VictorMono-ThinOblique.ttf"; sourceTree = "<group>"; fileEncoding = undefined; lastKnownFileType = unknown; explicitFileType = undefined; includeInIndex = 0; };
/* End PBXFileReference section */

/* Begin PBXFrameworksBuildPhase section */
		00E356EB1AD99517003FC87E /* Frameworks */ = {
			isa = PBXFrameworksBuildPhase;
			buildActionMask = 2147483647;
			files = (
				7699B88040F8A987B510C191 /* libPods-MotoSurgery-MotoSurgeryTests.a in Frameworks */,
			);
			runOnlyForDeploymentPostprocessing = 0;
		};
		13B07F8C1A680F5B00A75B9A /* Frameworks */ = {
			isa = PBXFrameworksBuildPhase;
			buildActionMask = 2147483647;
			files = (
				0C80B921A6F3F58F76C31292 /* libPods-MotoSurgery.a in Frameworks */,
			);
			runOnlyForDeploymentPostprocessing = 0;
		};
/* End PBXFrameworksBuildPhase section */

/* Begin PBXGroup section */
		00E356EF1AD99517003FC87E /* MotoSurgeryTests */ = {
			isa = PBXGroup;
			children = (
				00E356F21AD99517003FC87E /* MotoSurgeryTests.m */,
				00E356F01AD99517003FC87E /* Supporting Files */,
			);
			path = MotoSurgeryTests;
			sourceTree = "<group>";
		};
		00E356F01AD99517003FC87E /* Supporting Files */ = {
			isa = PBXGroup;
			children = (
				00E356F11AD99517003FC87E /* Info.plist */,
			);
			name = "Supporting Files";
			sourceTree = "<group>";
		};
		13B07FAE1A68108700A75B9A /* MotoSurgery */ = {
			isa = PBXGroup;
			children = (
				13B07FAF1A68108700A75B9A /* AppDelegate.h */,
				13B07FB01A68108700A75B9A /* AppDelegate.mm */,
				13B07FB51A68108700A75B9A /* Images.xcassets */,
				13B07FB61A68108700A75B9A /* Info.plist */,
				81AB9BB72411601600AC10FF /* LaunchScreen.storyboard */,
				13B07FB71A68108700A75B9A /* main.m */,
			);
			name = MotoSurgery;
			sourceTree = "<group>";
		};
		2D16E6871FA4F8E400B85C8A /* Frameworks */ = {
			isa = PBXGroup;
			children = (
				ED297162215061F000B7C4FE /* JavaScriptCore.framework */,
				5DCACB8F33CDC322A6C60F78 /* libPods-MotoSurgery.a */,
				19F6CBCC0A4E27FBF8BF4A61 /* libPods-MotoSurgery-MotoSurgeryTests.a */,
			);
			name = Frameworks;
			sourceTree = "<group>";
		};
		832341AE1AAA6A7D00B99B32 /* Libraries */ = {
			isa = PBXGroup;
			children = (
			);
			name = Libraries;
			sourceTree = "<group>";
		};
		83CBB9F61A601CBA00E9B192 = {
			isa = PBXGroup;
			children = (
				13B07FAE1A68108700A75B9A /* MotoSurgery */,
				832341AE1AAA6A7D00B99B32 /* Libraries */,
				00E356EF1AD99517003FC87E /* MotoSurgeryTests */,
				83CBBA001A601CBA00E9B192 /* Products */,
				2D16E6871FA4F8E400B85C8A /* Frameworks */,
				BBD78D7AC51CEA395F1C20DB /* Pods */,
				CC12643F153D4C3C98542C90 /* Resources */,
			);
			indentWidth = 2;
			sourceTree = "<group>";
			tabWidth = 2;
			usesTabs = 0;
		};
		83CBBA001A601CBA00E9B192 /* Products */ = {
			isa = PBXGroup;
			children = (
				13B07F961A680F5B00A75B9A /* MotoSurgery.app */,
				00E356EE1AD99517003FC87E /* MotoSurgeryTests.xctest */,
			);
			name = Products;
			sourceTree = "<group>";
		};
		BBD78D7AC51CEA395F1C20DB /* Pods */ = {
			isa = PBXGroup;
			children = (
				3B4392A12AC88292D35C810B /* Pods-MotoSurgery.debug.xcconfig */,
				5709B34CF0A7D63546082F79 /* Pods-MotoSurgery.release.xcconfig */,
				5B7EB9410499542E8C5724F5 /* Pods-MotoSurgery-MotoSurgeryTests.debug.xcconfig */,
				89C6BE57DB24E9ADA2F236DE /* Pods-MotoSurgery-MotoSurgeryTests.release.xcconfig */,
			);
			path = Pods;
			sourceTree = "<group>";
		};
		CC12643F153D4C3C98542C90 /* Resources */ = {
			isa = "PBXGroup";
			children = (
				7C587BBE20ED4A15A9D48456 /* Telenor-Regular.otf */,
				34164863A5604D28802CC919 /* Telenor-Bold.otf */,
				E94773C9098D42AAA148D4A9 /* OpenSans-Bold.ttf */,
				4740E773AFAA440181CA7DDF /* OpenSans-BoldItalic.ttf */,
				2191F96E1C204712BC0D2A73 /* OpenSans-ExtraBold.ttf */,
				1FFFF56F31564F3599676B86 /* OpenSans-ExtraBoldItalic.ttf */,
				C77B5C6B42DF41EDA3D596D8 /* OpenSans-Italic.ttf */,
				ED46152BDE8A47999C7F5031 /* OpenSans-Light.ttf */,
				CCCBDB9FF9984C798AB5BE3C /* OpenSans-LightItalic.ttf */,
				8DAC5C4663634E5C910B576B /* OpenSans-Medium.ttf */,
				AB398DC3A41844BA80D1F0B1 /* OpenSans-MediumItalic.ttf */,
				04C3E99F3E4F4ACBB327DB03 /* OpenSans-Regular.ttf */,
				A5539ECF5ACA469AA857BBB7 /* OpenSans-SemiBold.ttf */,
				D33015B9CC2E4FF6BEC7F2FE /* OpenSans-SemiBoldItalic.ttf */,
				8CBCC6111EBF41F28CD30C14 /* OpenSans_Condensed-Bold.ttf */,
				0A87BF390F0B401C94BA8B6A /* OpenSans_Condensed-BoldItalic.ttf */,
				D68571C1E6BF4982B57629FE /* OpenSans_Condensed-ExtraBold.ttf */,
				EE7C9311099441A98BA8B4D3 /* OpenSans_Condensed-ExtraBoldItalic.ttf */,
				8BB6E911FCD049B18D117939 /* OpenSans_Condensed-Italic.ttf */,
				7030D77F9EFD47A099B94B30 /* OpenSans_Condensed-Light.ttf */,
				F8B0360F38FF410D9665D399 /* OpenSans_Condensed-LightItalic.ttf */,
				48888405240F4CD6B194CCD1 /* OpenSans_Condensed-Medium.ttf */,
				A6561BBABC8D4E9CAC6F007D /* OpenSans_Condensed-MediumItalic.ttf */,
				A983F3E6B550452CAE78AEC3 /* OpenSans_Condensed-Regular.ttf */,
				1E7163080D554D74B5DA9C8C /* OpenSans_Condensed-SemiBold.ttf */,
				DE14F06E4EEB4A54B642812F /* OpenSans_Condensed-SemiBoldItalic.ttf */,
				DA616200CAB84944A3EEC918 /* OpenSans_SemiCondensed-Bold.ttf */,
				0BC6ED496F9347A28EAD4650 /* OpenSans_SemiCondensed-BoldItalic.ttf */,
				CC2581B04AAB49A7A81B1C37 /* OpenSans_SemiCondensed-ExtraBold.ttf */,
				8420C95943F54047B573E32B /* OpenSans_SemiCondensed-ExtraBoldItalic.ttf */,
				405979E640B946AFBFBB5A72 /* OpenSans_SemiCondensed-Italic.ttf */,
				1F86D4C7E219476DBBFBDE0A /* OpenSans_SemiCondensed-Light.ttf */,
				776FEBE37B384E26B7AE1C64 /* OpenSans_SemiCondensed-LightItalic.ttf */,
				FD50D8365CF74932A3676D8C /* OpenSans_SemiCondensed-Medium.ttf */,
				1071F299F52C4B408A368F4C /* OpenSans_SemiCondensed-MediumItalic.ttf */,
				391C3E11D200430F8747B089 /* OpenSans_SemiCondensed-Regular.ttf */,
				4348AC0EFD914410A7166978 /* OpenSans_SemiCondensed-SemiBold.ttf */,
				84EB910191A94B1CB9D5F108 /* OpenSans_SemiCondensed-SemiBoldItalic.ttf */,
				0AEEE5D296D9486E96B855CC /* VictorMono-Bold.ttf */,
				8A971BE3B9694918B200415E /* VictorMono-BoldItalic.ttf */,
				41B309F236AF4409BF89D53F /* VictorMono-BoldOblique.ttf */,
				6F8C3A403E8E4B18B7790192 /* VictorMono-ExtraLight.ttf */,
				90842CEA06C845E586243690 /* VictorMono-ExtraLightItalic.ttf */,
				D85CE0A55CE346A68F7E2D2F /* VictorMono-ExtraLightOblique.ttf */,
				2B2B77AD1FA94D228C47636C /* VictorMono-Italic.ttf */,
				DBA39D085B0D4F2D856C8372 /* VictorMono-Light.ttf */,
				CABBB539EA744481812836A2 /* VictorMono-LightItalic.ttf */,
				226C039F66374F70BE4B5065 /* VictorMono-LightOblique.ttf */,
				09C7BB7C528C4B0299978EAA /* VictorMono-Medium.ttf */,
				331CAD32B8704E6E8CC7B0BD /* VictorMono-MediumItalic.ttf */,
				35C417D63FBA43E9B6EF1017 /* VictorMono-MediumOblique.ttf */,
				DE6A6F83CB3742FFB25F54FF /* VictorMono-Oblique.ttf */,
				B3E0452669BF48D6B56661C7 /* VictorMono-Regular.ttf */,
				399729C136F94069875F3DB3 /* VictorMono-SemiBold.ttf */,
				6D3AE8FD22DA4B1C8E153178 /* VictorMono-SemiBoldItalic.ttf */,
				C359C47845FF4AC388B09450 /* VictorMono-SemiBoldOblique.ttf */,
				1DAA128E822843EDA95F1F3F /* VictorMono-Thin.ttf */,
				44DF72CC5AD840A0A91AD377 /* VictorMono-ThinItalic.ttf */,
				0D285D1836874E5A82608EBB /* VictorMono-ThinOblique.ttf */,
			);
			name = Resources;
			sourceTree = "<group>";
			path = "";
		};
/* End PBXGroup section */

/* Begin PBXNativeTarget section */
		00E356ED1AD99517003FC87E /* MotoSurgeryTests */ = {
			isa = PBXNativeTarget;
			buildConfigurationList = 00E357021AD99517003FC87E /* Build configuration list for PBXNativeTarget "MotoSurgeryTests" */;
			buildPhases = (
				A55EABD7B0C7F3A422A6CC61 /* [CP] Check Pods Manifest.lock */,
				00E356EA1AD99517003FC87E /* Sources */,
				00E356EB1AD99517003FC87E /* Frameworks */,
				00E356EC1AD99517003FC87E /* Resources */,
				C59DA0FBD6956966B86A3779 /* [CP] Embed Pods Frameworks */,
				F6A41C54EA430FDDC6A6ED99 /* [CP] Copy Pods Resources */,
			);
			buildRules = (
			);
			dependencies = (
				00E356F51AD99517003FC87E /* PBXTargetDependency */,
			);
			name = MotoSurgeryTests;
			productName = MotoSurgeryTests;
			productReference = 00E356EE1AD99517003FC87E /* MotoSurgeryTests.xctest */;
			productType = "com.apple.product-type.bundle.unit-test";
		};
		13B07F861A680F5B00A75B9A /* MotoSurgery */ = {
			isa = PBXNativeTarget;
			buildConfigurationList = 13B07F931A680F5B00A75B9A /* Build configuration list for PBXNativeTarget "MotoSurgery" */;
			buildPhases = (
				C38B50BA6285516D6DCD4F65 /* [CP] Check Pods Manifest.lock */,
				13B07F871A680F5B00A75B9A /* Sources */,
				13B07F8C1A680F5B00A75B9A /* Frameworks */,
				13B07F8E1A680F5B00A75B9A /* Resources */,
				00DD1BFF1BD5951E006B06BC /* Bundle React Native code and images */,
				00EEFC60759A1932668264C0 /* [CP] Embed Pods Frameworks */,
				E235C05ADACE081382539298 /* [CP] Copy Pods Resources */,
			);
			buildRules = (
			);
			dependencies = (
			);
			name = MotoSurgery;
			productName = MotoSurgery;
			productReference = 13B07F961A680F5B00A75B9A /* MotoSurgery.app */;
			productType = "com.apple.product-type.application";
		};
/* End PBXNativeTarget section */

/* Begin PBXProject section */
		83CBB9F71A601CBA00E9B192 /* Project object */ = {
			isa = PBXProject;
			attributes = {
				LastUpgradeCheck = 1210;
				TargetAttributes = {
					00E356ED1AD99517003FC87E = {
						CreatedOnToolsVersion = 6.2;
						TestTargetID = 13B07F861A680F5B00A75B9A;
					};
					13B07F861A680F5B00A75B9A = {
						LastSwiftMigration = 1120;
					};
				};
			};
			buildConfigurationList = 83CBB9FA1A601CBA00E9B192 /* Build configuration list for PBXProject "MotoSurgery" */;
			compatibilityVersion = "Xcode 12.0";
			developmentRegion = en;
			hasScannedForEncodings = 0;
			knownRegions = (
				en,
				Base,
			);
			mainGroup = 83CBB9F61A601CBA00E9B192;
			productRefGroup = 83CBBA001A601CBA00E9B192 /* Products */;
			projectDirPath = "";
			projectRoot = "";
			targets = (
				13B07F861A680F5B00A75B9A /* MotoSurgery */,
				00E356ED1AD99517003FC87E /* MotoSurgeryTests */,
			);
		};
/* End PBXProject section */

/* Begin PBXResourcesBuildPhase section */
		00E356EC1AD99517003FC87E /* Resources */ = {
			isa = PBXResourcesBuildPhase;
			buildActionMask = 2147483647;
			files = (
			);
			runOnlyForDeploymentPostprocessing = 0;
		};
		13B07F8E1A680F5B00A75B9A /* Resources */ = {
			isa = PBXResourcesBuildPhase;
			buildActionMask = 2147483647;
			files = (
				81AB9BB82411601600AC10FF /* LaunchScreen.storyboard in Resources */,
				13B07FBF1A68108700A75B9A /* Images.xcassets in Resources */,
				6948547887B8451C9A3D4E77 /* Telenor-Regular.otf in Resources */,
				6E288E3312FA46B582138F31 /* Telenor-Bold.otf in Resources */,
				18293EC4D021468184A23020 /* OpenSans-Bold.ttf in Resources */,
				62AD64BEE9A7443583E0B913 /* OpenSans-BoldItalic.ttf in Resources */,
				CBBBBBD7319D416B8E3520FF /* OpenSans-ExtraBold.ttf in Resources */,
				BDB16B39BF394FD39F1609DC /* OpenSans-ExtraBoldItalic.ttf in Resources */,
				3015271B85E0407DAEEB2D3E /* OpenSans-Italic.ttf in Resources */,
				AEBF099E6A314C6694756370 /* OpenSans-Light.ttf in Resources */,
				79303872ECFE419F840A9EE0 /* OpenSans-LightItalic.ttf in Resources */,
				2BDDB3ADC4BF4ECCA69347A9 /* OpenSans-Medium.ttf in Resources */,
				94A9FAD1AF5F41E984A9580F /* OpenSans-MediumItalic.ttf in Resources */,
				633E124A9B2E44228B6FF998 /* OpenSans-Regular.ttf in Resources */,
				55ED3860DAE846BC8A9BE32E /* OpenSans-SemiBold.ttf in Resources */,
				58EC72D4E52149AAB2F11C2B /* OpenSans-SemiBoldItalic.ttf in Resources */,
				FA682BDA39E84459A8BF3770 /* OpenSans_Condensed-Bold.ttf in Resources */,
				1380E39E968D494DB74A864A /* OpenSans_Condensed-BoldItalic.ttf in Resources */,
				FAD3F1407E614FA58C04708D /* OpenSans_Condensed-ExtraBold.ttf in Resources */,
				7C222BF2879043A4ABAF6910 /* OpenSans_Condensed-ExtraBoldItalic.ttf in Resources */,
				C31146CD0D0445A99A7C1157 /* OpenSans_Condensed-Italic.ttf in Resources */,
				33AE576631684D33BF8FF1EB /* OpenSans_Condensed-Light.ttf in Resources */,
				FEB2246F10DB4CA2A6FF928D /* OpenSans_Condensed-LightItalic.ttf in Resources */,
				F7E7FB34FF0F41D6BF879688 /* OpenSans_Condensed-Medium.ttf in Resources */,
				590336904FFE4164868A60CE /* OpenSans_Condensed-MediumItalic.ttf in Resources */,
				A264141B06C54CB4BA70F2B8 /* OpenSans_Condensed-Regular.ttf in Resources */,
				1B515EA211E647E089050F22 /* OpenSans_Condensed-SemiBold.ttf in Resources */,
				D7DC83625B974354AA35F6FC /* OpenSans_Condensed-SemiBoldItalic.ttf in Resources */,
				710400EE2F3D456D8D3D1FDD /* OpenSans_SemiCondensed-Bold.ttf in Resources */,
				A093C91BF1FD4AF5AFC44F64 /* OpenSans_SemiCondensed-BoldItalic.ttf in Resources */,
				A44183473C264D8891D5B3A4 /* OpenSans_SemiCondensed-ExtraBold.ttf in Resources */,
				3E547A26BDC74AF99149F4CE /* OpenSans_SemiCondensed-ExtraBoldItalic.ttf in Resources */,
				A4570B58BAC349B18A380E47 /* OpenSans_SemiCondensed-Italic.ttf in Resources */,
				59F05C5AD09646F5A170B97F /* OpenSans_SemiCondensed-Light.ttf in Resources */,
				D60FA88EC0554AF8B25440FB /* OpenSans_SemiCondensed-LightItalic.ttf in Resources */,
				4DF8E21D4A324A8787F4B512 /* OpenSans_SemiCondensed-Medium.ttf in Resources */,
				FB07758150D4406889EB5EB3 /* OpenSans_SemiCondensed-MediumItalic.ttf in Resources */,
				7EE3A7E5F2C942C9AA6C65CA /* OpenSans_SemiCondensed-Regular.ttf in Resources */,
				25B66FE443A645A3B832754E /* OpenSans_SemiCondensed-SemiBold.ttf in Resources */,
				46AC471EA3B0493891E4C119 /* OpenSans_SemiCondensed-SemiBoldItalic.ttf in Resources */,
				CF1C2F76974F4975A17F9B41 /* VictorMono-Bold.ttf in Resources */,
				C33E33E2B3AA4DC4B87BC399 /* VictorMono-BoldItalic.ttf in Resources */,
				C1C986AD4FAA450FA04CD1C2 /* VictorMono-BoldOblique.ttf in Resources */,
				F8E8AC16FA924E859BFC073C /* VictorMono-ExtraLight.ttf in Resources */,
				D49EC9B01EF74B23B63F58DE /* VictorMono-ExtraLightItalic.ttf in Resources */,
				BFAD9E06C8F74DAD9A60457B /* VictorMono-ExtraLightOblique.ttf in Resources */,
				7936EDAB5AE547C9A44AFDED /* VictorMono-Italic.ttf in Resources */,
				376C3962C49B4EB798B6A4BA /* VictorMono-Light.ttf in Resources */,
				CF8C157EDE6B4B4A8C74C5B7 /* VictorMono-LightItalic.ttf in Resources */,
				61A377A53B954ACBB1B749A5 /* VictorMono-LightOblique.ttf in Resources */,
				E42B8CDED45F45929FEEB419 /* VictorMono-Medium.ttf in Resources */,
				9122EDF94DAF46A6AD06CC1E /* VictorMono-MediumItalic.ttf in Resources */,
				F6BE4D68BF1C4D93BD42AFA9 /* VictorMono-MediumOblique.ttf in Resources */,
				D8D38106FEA24C2FB7A90390 /* VictorMono-Oblique.ttf in Resources */,
				2B9491C77645489AB01A2246 /* VictorMono-Regular.ttf in Resources */,
				AB9EB35814F549F3A2547DD8 /* VictorMono-SemiBold.ttf in Resources */,
				BED93CE37D8A4E32858789C3 /* VictorMono-SemiBoldItalic.ttf in Resources */,
				EA523F1C40674CF8B8D96A65 /* VictorMono-SemiBoldOblique.ttf in Resources */,
				84CC483E944A4AA8A9E2A41D /* VictorMono-Thin.ttf in Resources */,
				E91AC5935A14414C9AFDF66F /* VictorMono-ThinItalic.ttf in Resources */,
				E8AAD0473574444BA2607BF9 /* VictorMono-ThinOblique.ttf in Resources */,
			);
			runOnlyForDeploymentPostprocessing = 0;
		};
/* End PBXResourcesBuildPhase section */

/* Begin PBXShellScriptBuildPhase section */
		00DD1BFF1BD5951E006B06BC /* Bundle React Native code and images */ = {
			isa = PBXShellScriptBuildPhase;
			buildActionMask = 2147483647;
			files = (
			);
			inputPaths = (
				"$(SRCROOT)/.xcode.env.local",
				"$(SRCROOT)/.xcode.env",
			);
			name = "Bundle React Native code and images";
			outputPaths = (
			);
			runOnlyForDeploymentPostprocessing = 0;
			shellPath = /bin/sh;
			shellScript = "set -e\n\nWITH_ENVIRONMENT=\"../node_modules/react-native/scripts/xcode/with-environment.sh\"\nREACT_NATIVE_XCODE=\"../node_modules/react-native/scripts/react-native-xcode.sh\"\n\n/bin/sh -c \"$WITH_ENVIRONMENT $REACT_NATIVE_XCODE\"\n";
		};
		00EEFC60759A1932668264C0 /* [CP] Embed Pods Frameworks */ = {
			isa = PBXShellScriptBuildPhase;
			buildActionMask = 2147483647;
			files = (
			);
			inputFileListPaths = (
				"${PODS_ROOT}/Target Support Files/Pods-MotoSurgery/Pods-MotoSurgery-frameworks-${CONFIGURATION}-input-files.xcfilelist",
			);
			name = "[CP] Embed Pods Frameworks";
			outputFileListPaths = (
				"${PODS_ROOT}/Target Support Files/Pods-MotoSurgery/Pods-MotoSurgery-frameworks-${CONFIGURATION}-output-files.xcfilelist",
			);
			runOnlyForDeploymentPostprocessing = 0;
			shellPath = /bin/sh;
			shellScript = "\"${PODS_ROOT}/Target Support Files/Pods-MotoSurgery/Pods-MotoSurgery-frameworks.sh\"\n";
			showEnvVarsInLog = 0;
		};
		A55EABD7B0C7F3A422A6CC61 /* [CP] Check Pods Manifest.lock */ = {
			isa = PBXShellScriptBuildPhase;
			buildActionMask = 2147483647;
			files = (
			);
			inputFileListPaths = (
			);
			inputPaths = (
				"${PODS_PODFILE_DIR_PATH}/Podfile.lock",
				"${PODS_ROOT}/Manifest.lock",
			);
			name = "[CP] Check Pods Manifest.lock";
			outputFileListPaths = (
			);
			outputPaths = (
				"$(DERIVED_FILE_DIR)/Pods-MotoSurgery-MotoSurgeryTests-checkManifestLockResult.txt",
			);
			runOnlyForDeploymentPostprocessing = 0;
			shellPath = /bin/sh;
			shellScript = "diff \"${PODS_PODFILE_DIR_PATH}/Podfile.lock\" \"${PODS_ROOT}/Manifest.lock\" > /dev/null\nif [ $? != 0 ] ; then\n    # print error to STDERR\n    echo \"error: The sandbox is not in sync with the Podfile.lock. Run 'pod install' or update your CocoaPods installation.\" >&2\n    exit 1\nfi\n# This output is used by Xcode 'outputs' to avoid re-running this script phase.\necho \"SUCCESS\" > \"${SCRIPT_OUTPUT_FILE_0}\"\n";
			showEnvVarsInLog = 0;
		};
		C38B50BA6285516D6DCD4F65 /* [CP] Check Pods Manifest.lock */ = {
			isa = PBXShellScriptBuildPhase;
			buildActionMask = 2147483647;
			files = (
			);
			inputFileListPaths = (
			);
			inputPaths = (
				"${PODS_PODFILE_DIR_PATH}/Podfile.lock",
				"${PODS_ROOT}/Manifest.lock",
			);
			name = "[CP] Check Pods Manifest.lock";
			outputFileListPaths = (
			);
			outputPaths = (
				"$(DERIVED_FILE_DIR)/Pods-MotoSurgery-checkManifestLockResult.txt",
			);
			runOnlyForDeploymentPostprocessing = 0;
			shellPath = /bin/sh;
			shellScript = "diff \"${PODS_PODFILE_DIR_PATH}/Podfile.lock\" \"${PODS_ROOT}/Manifest.lock\" > /dev/null\nif [ $? != 0 ] ; then\n    # print error to STDERR\n    echo \"error: The sandbox is not in sync with the Podfile.lock. Run 'pod install' or update your CocoaPods installation.\" >&2\n    exit 1\nfi\n# This output is used by Xcode 'outputs' to avoid re-running this script phase.\necho \"SUCCESS\" > \"${SCRIPT_OUTPUT_FILE_0}\"\n";
			showEnvVarsInLog = 0;
		};
		C59DA0FBD6956966B86A3779 /* [CP] Embed Pods Frameworks */ = {
			isa = PBXShellScriptBuildPhase;
			buildActionMask = 2147483647;
			files = (
			);
			inputFileListPaths = (
				"${PODS_ROOT}/Target Support Files/Pods-MotoSurgery-MotoSurgeryTests/Pods-MotoSurgery-MotoSurgeryTests-frameworks-${CONFIGURATION}-input-files.xcfilelist",
			);
			name = "[CP] Embed Pods Frameworks";
			outputFileListPaths = (
				"${PODS_ROOT}/Target Support Files/Pods-MotoSurgery-MotoSurgeryTests/Pods-MotoSurgery-MotoSurgeryTests-frameworks-${CONFIGURATION}-output-files.xcfilelist",
			);
			runOnlyForDeploymentPostprocessing = 0;
			shellPath = /bin/sh;
			shellScript = "\"${PODS_ROOT}/Target Support Files/Pods-MotoSurgery-MotoSurgeryTests/Pods-MotoSurgery-MotoSurgeryTests-frameworks.sh\"\n";
			showEnvVarsInLog = 0;
		};
		E235C05ADACE081382539298 /* [CP] Copy Pods Resources */ = {
			isa = PBXShellScriptBuildPhase;
			buildActionMask = 2147483647;
			files = (
			);
			inputFileListPaths = (
				"${PODS_ROOT}/Target Support Files/Pods-MotoSurgery/Pods-MotoSurgery-resources-${CONFIGURATION}-input-files.xcfilelist",
			);
			name = "[CP] Copy Pods Resources";
			outputFileListPaths = (
				"${PODS_ROOT}/Target Support Files/Pods-MotoSurgery/Pods-MotoSurgery-resources-${CONFIGURATION}-output-files.xcfilelist",
			);
			runOnlyForDeploymentPostprocessing = 0;
			shellPath = /bin/sh;
			shellScript = "\"${PODS_ROOT}/Target Support Files/Pods-MotoSurgery/Pods-MotoSurgery-resources.sh\"\n";
			showEnvVarsInLog = 0;
		};
		F6A41C54EA430FDDC6A6ED99 /* [CP] Copy Pods Resources */ = {
			isa = PBXShellScriptBuildPhase;
			buildActionMask = 2147483647;
			files = (
			);
			inputFileListPaths = (
				"${PODS_ROOT}/Target Support Files/Pods-MotoSurgery-MotoSurgeryTests/Pods-MotoSurgery-MotoSurgeryTests-resources-${CONFIGURATION}-input-files.xcfilelist",
			);
			name = "[CP] Copy Pods Resources";
			outputFileListPaths = (
				"${PODS_ROOT}/Target Support Files/Pods-MotoSurgery-MotoSurgeryTests/Pods-MotoSurgery-MotoSurgeryTests-resources-${CONFIGURATION}-output-files.xcfilelist",
			);
			runOnlyForDeploymentPostprocessing = 0;
			shellPath = /bin/sh;
			shellScript = "\"${PODS_ROOT}/Target Support Files/Pods-MotoSurgery-MotoSurgeryTests/Pods-MotoSurgery-MotoSurgeryTests-resources.sh\"\n";
			showEnvVarsInLog = 0;
		};
/* End PBXShellScriptBuildPhase section */

/* Begin PBXSourcesBuildPhase section */
		00E356EA1AD99517003FC87E /* Sources */ = {
			isa = PBXSourcesBuildPhase;
			buildActionMask = 2147483647;
			files = (
				00E356F31AD99517003FC87E /* MotoSurgeryTests.m in Sources */,
			);
			runOnlyForDeploymentPostprocessing = 0;
		};
		13B07F871A680F5B00A75B9A /* Sources */ = {
			isa = PBXSourcesBuildPhase;
			buildActionMask = 2147483647;
			files = (
				13B07FBC1A68108700A75B9A /* AppDelegate.mm in Sources */,
				13B07FC11A68108700A75B9A /* main.m in Sources */,
			);
			runOnlyForDeploymentPostprocessing = 0;
		};
/* End PBXSourcesBuildPhase section */

/* Begin PBXTargetDependency section */
		00E356F51AD99517003FC87E /* PBXTargetDependency */ = {
			isa = PBXTargetDependency;
			target = 13B07F861A680F5B00A75B9A /* MotoSurgery */;
			targetProxy = 00E356F41AD99517003FC87E /* PBXContainerItemProxy */;
		};
/* End PBXTargetDependency section */

/* Begin XCBuildConfiguration section */
		00E356F61AD99517003FC87E /* Debug */ = {
			isa = XCBuildConfiguration;
			baseConfigurationReference = 5B7EB9410499542E8C5724F5 /* Pods-MotoSurgery-MotoSurgeryTests.debug.xcconfig */;
			buildSettings = {
				BUNDLE_LOADER = "$(TEST_HOST)";
				GCC_PREPROCESSOR_DEFINITIONS = (
					"DEBUG=1",
					"$(inherited)",
				);
				INFOPLIST_FILE = MotoSurgeryTests/Info.plist;
				IPHONEOS_DEPLOYMENT_TARGET = 13.4;
				LD_RUNPATH_SEARCH_PATHS = (
					"$(inherited)",
					"@executable_path/Frameworks",
					"@loader_path/Frameworks",
				);
				OTHER_LDFLAGS = (
					"-ObjC",
					"-lc++",
					"$(inherited)",
				);
				PRODUCT_BUNDLE_IDENTIFIER = "org.reactjs.native.example.$(PRODUCT_NAME:rfc1034identifier)";
				PRODUCT_NAME = "$(TARGET_NAME)";
				TEST_HOST = "$(BUILT_PRODUCTS_DIR)/MotoSurgery.app/MotoSurgery";
			};
			name = Debug;
		};
		00E356F71AD99517003FC87E /* Release */ = {
			isa = XCBuildConfiguration;
			baseConfigurationReference = 89C6BE57DB24E9ADA2F236DE /* Pods-MotoSurgery-MotoSurgeryTests.release.xcconfig */;
			buildSettings = {
				BUNDLE_LOADER = "$(TEST_HOST)";
				COPY_PHASE_STRIP = NO;
				INFOPLIST_FILE = MotoSurgeryTests/Info.plist;
				IPHONEOS_DEPLOYMENT_TARGET = 13.4;
				LD_RUNPATH_SEARCH_PATHS = (
					"$(inherited)",
					"@executable_path/Frameworks",
					"@loader_path/Frameworks",
				);
				OTHER_LDFLAGS = (
					"-ObjC",
					"-lc++",
					"$(inherited)",
				);
				PRODUCT_BUNDLE_IDENTIFIER = "org.reactjs.native.example.$(PRODUCT_NAME:rfc1034identifier)";
				PRODUCT_NAME = "$(TARGET_NAME)";
				TEST_HOST = "$(BUILT_PRODUCTS_DIR)/MotoSurgery.app/MotoSurgery";
			};
			name = Release;
		};
		13B07F941A680F5B00A75B9A /* Debug */ = {
			isa = XCBuildConfiguration;
			baseConfigurationReference = 3B4392A12AC88292D35C810B /* Pods-MotoSurgery.debug.xcconfig */;
			buildSettings = {
				ASSETCATALOG_COMPILER_APPICON_NAME = AppIcon;
				CLANG_ENABLE_MODULES = YES;
				CURRENT_PROJECT_VERSION = 1;
				ENABLE_BITCODE = NO;
				INFOPLIST_FILE = MotoSurgery/Info.plist;
				LD_RUNPATH_SEARCH_PATHS = (
					"$(inherited)",
					"@executable_path/Frameworks",
				);
				MARKETING_VERSION = 1.0;
				OTHER_LDFLAGS = (
					"$(inherited)",
					"-ObjC",
					"-lc++",
				);
				PRODUCT_BUNDLE_IDENTIFIER = "org.reactjs.native.example.$(PRODUCT_NAME:rfc1034identifier)";
				PRODUCT_NAME = MotoSurgery;
				SWIFT_OPTIMIZATION_LEVEL = "-Onone";
				SWIFT_VERSION = 5.0;
				VERSIONING_SYSTEM = "apple-generic";
			};
			name = Debug;
		};
		13B07F951A680F5B00A75B9A /* Release */ = {
			isa = XCBuildConfiguration;
			baseConfigurationReference = 5709B34CF0A7D63546082F79 /* Pods-MotoSurgery.release.xcconfig */;
			buildSettings = {
				ASSETCATALOG_COMPILER_APPICON_NAME = AppIcon;
				CLANG_ENABLE_MODULES = YES;
				CURRENT_PROJECT_VERSION = 1;
				INFOPLIST_FILE = MotoSurgery/Info.plist;
				LD_RUNPATH_SEARCH_PATHS = (
					"$(inherited)",
					"@executable_path/Frameworks",
				);
				MARKETING_VERSION = 1.0;
				OTHER_LDFLAGS = (
					"$(inherited)",
					"-ObjC",
					"-lc++",
				);
				PRODUCT_BUNDLE_IDENTIFIER = "org.reactjs.native.example.$(PRODUCT_NAME:rfc1034identifier)";
				PRODUCT_NAME = MotoSurgery;
				SWIFT_VERSION = 5.0;
				VERSIONING_SYSTEM = "apple-generic";
			};
			name = Release;
		};
		83CBBA201A601CBA00E9B192 /* Debug */ = {
			isa = XCBuildConfiguration;
			buildSettings = {
				ALWAYS_SEARCH_USER_PATHS = NO;
				CLANG_ANALYZER_LOCALIZABILITY_NONLOCALIZED = YES;
				CLANG_CXX_LANGUAGE_STANDARD = "c++20";
				CLANG_CXX_LIBRARY = "libc++";
				CLANG_ENABLE_MODULES = YES;
				CLANG_ENABLE_OBJC_ARC = YES;
				CLANG_WARN_BLOCK_CAPTURE_AUTORELEASING = YES;
				CLANG_WARN_BOOL_CONVERSION = YES;
				CLANG_WARN_COMMA = YES;
				CLANG_WARN_CONSTANT_CONVERSION = YES;
				CLANG_WARN_DEPRECATED_OBJC_IMPLEMENTATIONS = YES;
				CLANG_WARN_DIRECT_OBJC_ISA_USAGE = YES_ERROR;
				CLANG_WARN_EMPTY_BODY = YES;
				CLANG_WARN_ENUM_CONVERSION = YES;
				CLANG_WARN_INFINITE_RECURSION = YES;
				CLANG_WARN_INT_CONVERSION = YES;
				CLANG_WARN_NON_LITERAL_NULL_CONVERSION = YES;
				CLANG_WARN_OBJC_IMPLICIT_RETAIN_SELF = YES;
				CLANG_WARN_OBJC_LITERAL_CONVERSION = YES;
				CLANG_WARN_OBJC_ROOT_CLASS = YES_ERROR;
				CLANG_WARN_QUOTED_INCLUDE_IN_FRAMEWORK_HEADER = YES;
				CLANG_WARN_RANGE_LOOP_ANALYSIS = YES;
				CLANG_WARN_STRICT_PROTOTYPES = YES;
				CLANG_WARN_SUSPICIOUS_MOVE = YES;
				CLANG_WARN_UNREACHABLE_CODE = YES;
				CLANG_WARN__DUPLICATE_METHOD_MATCH = YES;
				"CODE_SIGN_IDENTITY[sdk=iphoneos*]" = "iPhone Developer";
				COPY_PHASE_STRIP = NO;
				ENABLE_STRICT_OBJC_MSGSEND = YES;
				ENABLE_TESTABILITY = YES;
				"EXCLUDED_ARCHS[sdk=iphonesimulator*]" = "";
				GCC_C_LANGUAGE_STANDARD = gnu99;
				GCC_DYNAMIC_NO_PIC = NO;
				GCC_NO_COMMON_BLOCKS = YES;
				GCC_OPTIMIZATION_LEVEL = 0;
				GCC_PREPROCESSOR_DEFINITIONS = (
					"DEBUG=1",
					"$(inherited)",
				);
				GCC_SYMBOLS_PRIVATE_EXTERN = NO;
				GCC_WARN_64_TO_32_BIT_CONVERSION = YES;
				GCC_WARN_ABOUT_RETURN_TYPE = YES_ERROR;
				GCC_WARN_UNDECLARED_SELECTOR = YES;
				GCC_WARN_UNINITIALIZED_AUTOS = YES_AGGRESSIVE;
				GCC_WARN_UNUSED_FUNCTION = YES;
				GCC_WARN_UNUSED_VARIABLE = YES;
				IPHONEOS_DEPLOYMENT_TARGET = 13.4;
				LD_RUNPATH_SEARCH_PATHS = (
					/usr/lib/swift,
					"$(inherited)",
				);
				LIBRARY_SEARCH_PATHS = (
					"\"$(SDKROOT)/usr/lib/swift\"",
					"\"$(TOOLCHAIN_DIR)/usr/lib/swift/$(PLATFORM_NAME)\"",
					"\"$(inherited)\"",
				);
				MTL_ENABLE_DEBUG_INFO = YES;
				ONLY_ACTIVE_ARCH = YES;
				OTHER_CPLUSPLUSFLAGS = (
					"$(OTHER_CFLAGS)",
					"-DFOLLY_NO_CONFIG",
					"-DFOLLY_MOBILE=1",
					"-DFOLLY_USE_LIBCPP=1",
					"-DFOLLY_CFG_NO_COROUTINES=1",
				);
				SDKROOT = iphoneos;
			};
			name = Debug;
		};
		83CBBA211A601CBA00E9B192 /* Release */ = {
			isa = XCBuildConfiguration;
			buildSettings = {
				ALWAYS_SEARCH_USER_PATHS = NO;
				CLANG_ANALYZER_LOCALIZABILITY_NONLOCALIZED = YES;
				CLANG_CXX_LANGUAGE_STANDARD = "c++20";
				CLANG_CXX_LIBRARY = "libc++";
				CLANG_ENABLE_MODULES = YES;
				CLANG_ENABLE_OBJC_ARC = YES;
				CLANG_WARN_BLOCK_CAPTURE_AUTORELEASING = YES;
				CLANG_WARN_BOOL_CONVERSION = YES;
				CLANG_WARN_COMMA = YES;
				CLANG_WARN_CONSTANT_CONVERSION = YES;
				CLANG_WARN_DEPRECATED_OBJC_IMPLEMENTATIONS = YES;
				CLANG_WARN_DIRECT_OBJC_ISA_USAGE = YES_ERROR;
				CLANG_WARN_EMPTY_BODY = YES;
				CLANG_WARN_ENUM_CONVERSION = YES;
				CLANG_WARN_INFINITE_RECURSION = YES;
				CLANG_WARN_INT_CONVERSION = YES;
				CLANG_WARN_NON_LITERAL_NULL_CONVERSION = YES;
				CLANG_WARN_OBJC_IMPLICIT_RETAIN_SELF = YES;
				CLANG_WARN_OBJC_LITERAL_CONVERSION = YES;
				CLANG_WARN_OBJC_ROOT_CLASS = YES_ERROR;
				CLANG_WARN_QUOTED_INCLUDE_IN_FRAMEWORK_HEADER = YES;
				CLANG_WARN_RANGE_LOOP_ANALYSIS = YES;
				CLANG_WARN_STRICT_PROTOTYPES = YES;
				CLANG_WARN_SUSPICIOUS_MOVE = YES;
				CLANG_WARN_UNREACHABLE_CODE = YES;
				CLANG_WARN__DUPLICATE_METHOD_MATCH = YES;
				"CODE_SIGN_IDENTITY[sdk=iphoneos*]" = "iPhone Developer";
				COPY_PHASE_STRIP = YES;
				ENABLE_NS_ASSERTIONS = NO;
				ENABLE_STRICT_OBJC_MSGSEND = YES;
				"EXCLUDED_ARCHS[sdk=iphonesimulator*]" = "";
				GCC_C_LANGUAGE_STANDARD = gnu99;
				GCC_NO_COMMON_BLOCKS = YES;
				GCC_WARN_64_TO_32_BIT_CONVERSION = YES;
				GCC_WARN_ABOUT_RETURN_TYPE = YES_ERROR;
				GCC_WARN_UNDECLARED_SELECTOR = YES;
				GCC_WARN_UNINITIALIZED_AUTOS = YES_AGGRESSIVE;
				GCC_WARN_UNUSED_FUNCTION = YES;
				GCC_WARN_UNUSED_VARIABLE = YES;
				IPHONEOS_DEPLOYMENT_TARGET = 13.4;
				LD_RUNPATH_SEARCH_PATHS = (
					/usr/lib/swift,
					"$(inherited)",
				);
				LIBRARY_SEARCH_PATHS = (
					"\"$(SDKROOT)/usr/lib/swift\"",
					"\"$(TOOLCHAIN_DIR)/usr/lib/swift/$(PLATFORM_NAME)\"",
					"\"$(inherited)\"",
				);
				MTL_ENABLE_DEBUG_INFO = NO;
				OTHER_CPLUSPLUSFLAGS = (
					"$(OTHER_CFLAGS)",
					"-DFOLLY_NO_CONFIG",
					"-DFOLLY_MOBILE=1",
					"-DFOLLY_USE_LIBCPP=1",
					"-DFOLLY_CFG_NO_COROUTINES=1",
				);
				SDKROOT = iphoneos;
				VALIDATE_PRODUCT = YES;
			};
			name = Release;
		};
/* End XCBuildConfiguration section */

/* Begin XCConfigurationList section */
		00E357021AD99517003FC87E /* Build configuration list for PBXNativeTarget "MotoSurgeryTests" */ = {
			isa = XCConfigurationList;
			buildConfigurations = (
				00E356F61AD99517003FC87E /* Debug */,
				00E356F71AD99517003FC87E /* Release */,
			);
			defaultConfigurationIsVisible = 0;
			defaultConfigurationName = Release;
		};
		13B07F931A680F5B00A75B9A /* Build configuration list for PBXNativeTarget "MotoSurgery" */ = {
			isa = XCConfigurationList;
			buildConfigurations = (
				13B07F941A680F5B00A75B9A /* Debug */,
				13B07F951A680F5B00A75B9A /* Release */,
			);
			defaultConfigurationIsVisible = 0;
			defaultConfigurationName = Release;
		};
		83CBB9FA1A601CBA00E9B192 /* Build configuration list for PBXProject "MotoSurgery" */ = {
			isa = XCConfigurationList;
			buildConfigurations = (
				83CBBA201A601CBA00E9B192 /* Debug */,
				83CBBA211A601CBA00E9B192 /* Release */,
			);
			defaultConfigurationIsVisible = 0;
			defaultConfigurationName = Release;
		};
/* End XCConfigurationList section */
	};
	rootObject = 83CBB9F71A601CBA00E9B192 /* Project object */;
}
